# This file is automatically @generated by Cargo.
# It is not intended for manual editing.
version = 4

[[package]]
name = "adler2"
version = "2.0.1"
source = "registry+https://github.com/rust-lang/crates.io-index"
checksum = "320119579fcad9c21884f5c4861d16174d0e06250625266f50fe6898340abefa"

[[package]]
name = "akapen-core"
version = "0.0.1"
dependencies = [
 "png 0.17.16",
 "serde",
 "serde_json",
]

[[package]]
name = "akapen-ffi"
version = "0.0.1"
dependencies = [
 "akapen-core",
 "akapen-io",
]

[[package]]
name = "akapen-io"
version = "0.0.1"
dependencies = [
 "image",
]

[[package]]
name = "autocfg"
version = "1.5.1"
source = "registry+https://github.com/rust-lang/crates.io-index"
checksum = "f2032f911046de80f0a198e0901378627c33f59ea0ac00e363d481118bd70a53"

[[package]]
name = "bitflags"
version = "1.3.2"
source = "registry+https://github.com/rust-lang/crates.io-index"
checksum = "bef38d45163c2f1dde094a7dfd33ccf595c92905c8f8f4fdc18d06fb1037718a"

[[package]]
name = "bitflags"
version = "2.13.0"
source = "registry+https://github.com/rust-lang/crates.io-index"
checksum = "b4388bee8683e3d04af747c73422af53102d2bd24d9eadb6cbc100baef4b43f8"

[[package]]
name = "bytemuck"
version = "1.25.1"
source = "registry+https://github.com/rust-lang/crates.io-index"
checksum = "d6aedf8ae72766347502cf3cb4f41cf5e9cc37d28bee90f1fdaaae15f9cf9424"

[[package]]
name = "byteorder-lite"
version = "0.1.0"
source = "registry+https://github.com/rust-lang/crates.io-index"
checksum = "8f1fe948ff07f4bd06c30984e69f5b4899c516a3ef74f34df92a2df2ab535495"

[[package]]
name = "cfg-if"
version = "1.0.4"
source = "registry+https://github.com/rust-lang/crates.io-index"
checksum = "9330f8b2ff13f34540b44e946ef35111825727b38d33286ef986142615121801"

[[package]]
name = "crc32fast"
version = "1.5.0"
source = "registry+https://github.com/rust-lang/crates.io-index"
checksum = "9481c1c90cbf2ac953f07c8d4a58aa3945c425b7185c9154d67a65e4230da511"
dependencies = [
 "cfg-if",
]

[[package]]
name = "fdeflate"
version = "0.3.7"
source = "registry+https://github.com/rust-lang/crates.io-index"
checksum = "1e6853b52649d4ac5c0bd02320cddc5ba956bdb407c4b75a2c6b75bf51500f8c"
dependencies = [
 "simd-adler32",
]

[[package]]
name = "flate2"
version = "1.1.9"
source = "registry+https://github.com/rust-lang/crates.io-index"
checksum = "843fba2746e448b37e26a819579957415c8cef339bf08564fe8b7ddbd959573c"
dependencies = [
 "crc32fast",
 "miniz_oxide",
]

[[package]]
name = "image"
version = "0.25.10"
source = "registry+https://github.com/rust-lang/crates.io-index"
checksum = "85ab80394333c02fe689eaf900ab500fbd0c2213da414687ebf995a65d5a6104"
dependencies = [
 "bytemuck",
 "byteorder-lite",
 "image-webp",
 "moxcms",
 "num-traits",
 "png 0.18.1",
 "zune-core",
 "zune-jpeg",
]

[[package]]
name = "image-webp"
version = "0.2.4"
source = "registry+https://github.com/rust-lang/crates.io-index"
checksum = "525e9ff3e1a4be2fbea1fdf0e98686a6d98b4d8f937e1bf7402245af1909e8c3"
dependencies = [
 "byteorder-lite",
 "quick-error",
]

[[package]]
name = "itoa"
version = "1.0.18"
source = "registry+https://github.com/rust-lang/crates.io-index"
checksum = "8f42a60cbdf9a97f5d2305f08a87dc4e09308d1276d28c869c684d7777685682"

[[package]]
name = "memchr"
version = "2.8.3"
source = "registry+https://github.com/rust-lang/crates.io-index"
checksum = "cf8baf1c55e62ffcace7a9f06f4bd9cd3f0c4beb022d3b367256b91b87513d98"

[[package]]
name = "miniz_oxide"
version = "0.8.9"
source = "registry+https://github.com/rust-lang/crates.io-index"
checksum = "1fa76a2c86f704bdb222d66965fb3d63269ce38518b83cb0575fca855ebb6316"
dependencies = [
 "adler2",
 "simd-adler32",
]

[[package]]
name = "moxcms"
version = "0.8.1"
source = "registry+https://github.com/rust-lang/crates.io-index"
checksum = "bb85c154ba489f01b25c0d36ae69a87e4a1c73a72631fc6c0eb6dde34a73e44b"
dependencies = [
 "num-traits",
 "pxfm",
]

[[package]]
name = "num-traits"
version = "0.2.19"
source = "registry+https://github.com/rust-lang/crates.io-index"
checksum = "071dfc062690e90b734c0b2273ce72ad0ffa95f0c74596bc250dcfd960262841"
dependencies = [
 "autocfg",
]

[[package]]
name = "png"
version = "0.17.16"
source = "registry+https://github.com/rust-lang/crates.io-index"
checksum = "82151a2fc869e011c153adc57cf2789ccb8d9906ce52c0b39a6b5697749d7526"
dependencies = [
 "bitflags 1.3.2",
 "crc32fast",
 "fdeflate",
 "flate2",
 "miniz_oxide",
]

[[package]]
name = "png"
version = "0.18.1"
source = "registry+https://github.com/rust-lang/crates.io-index"
checksum = "60769b8b31b2a9f263dae2776c37b1b28ae246943cf719eb6946a1db05128a61"
dependencies = [
 "bitflags 2.13.0",
 "crc32fast",
 "fdeflate",
 "flate2",
 "miniz_oxide",
]

[[package]]
name = "proc-macro2"
version = "1.0.106"
source = "registry+https://github.com/rust-lang/crates.io-index"
checksum = "8fd00f0bb2e90d81d1044c2b32617f68fcb9fa3bb7640c23e9c748e53fb30934"
dependencies = [
 "unicode-ident",
]

[[package]]
name = "pxfm"
version = "0.1.30"
source = "registry+https://github.com/rust-lang/crates.io-index"
checksum = "d55d956fa96f5ec02be2e13af0e20391a5aa83d6a074e3ad368959d0fab299ea"

[[package]]
name = "quick-error"
version = "2.0.1"
source = "registry+https://github.com/rust-lang/crates.io-index"
checksum = "a993555f31e5a609f617c12db6250dedcac1b0a85076912c436e6fc9b2c8e6a3"

[[package]]
name = "quote"
version = "1.0.46"
source = "registry+https://github.com/rust-lang/crates.io-index"
checksum = "dfbc457d0c7a0759a614551b11a6409e5951f6c7537be1f1b7682b9ae9230368"
dependencies = [
 "proc-macro2",
]

[[package]]
name = "serde"
version = "1.0.228"
source = "registry+https://github.com/rust-lang/crates.io-index"
checksum = "9a8e94ea7f378bd32cbbd37198a4a91436180c5bb472411e48b5ec2e2124ae9e"
dependencies = [
 "serde_core",
 "serde_derive",
]

[[package]]
name = "serde_core"
version = "1.0.228"
source = "registry+https://github.com/rust-lang/crates.io-index"
checksum = "41d385c7d4ca58e59fc732af25c3983b67ac852c1a25000afe1175de458b67ad"
dependencies = [
 "serde_derive",
]

[[package]]
name = "serde_derive"
version = "1.0.228"
source = "registry+https://github.com/rust-lang/crates.io-index"
checksum = "d540f220d3187173da220f885ab66608367b6574e925011a9353e4badda91d79"
dependencies = [
 "proc-macro2",
 "quote",
 "syn",
]

[[package]]
name = "serde_json"
version = "1.0.150"
source = "registry+https://github.com/rust-lang/crates.io-index"
checksum = "e8014e44b4736ed0538adeecded0fce2a272f22dc9578a7eb6b2d9993c74cfb9"
dependencies = [
 "itoa",
 "memchr",
 "serde",
 "serde_core",
 "zmij",
]

[[package]]
name = "simd-adler32"
version = "0.3.9"
source = "registry+https://github.com/rust-lang/crates.io-index"
checksum = "703d5c7ef118737c72f1af64ad2f6f8c5e1921f818cdcb97b8fe6fc69bf66214"

[[package]]
name = "syn"
version = "2.0.118"
source = "registry+https://github.com/rust-lang/crates.io-index"
checksum = "1b9ae57f904213ebb649ce6895b8a66c66f0203b9319718f69a5612a065b1422"
dependencies = [
 "proc-macro2",
 "quote",
 "unicode-ident",
]

[[package]]
name = "unicode-ident"
version = "1.0.24"
source = "registry+https://github.com/rust-lang/crates.io-index"
checksum = "e6e4313cd5fcd3dad5cafa179702e2b244f760991f45397d14d4ebf38247da75"

[[package]]
name = "zmij"
version = "1.0.21"
source = "registry+https://github.com/rust-lang/crates.io-index"
checksum = "b8848ee67ecc8aedbaf3e4122217aff892639231befc6a1b58d29fff4c2cabaa"

[[package]]
name = "zune-core"
version = "0.5.1"
source = "registry+https://github.com/rust-lang/crates.io-index"
checksum = "cb8a0807f7c01457d0379ba880ba6322660448ddebc890ce29bb64da71fb40f9"

[[package]]
name = "zune-jpeg"
version = "0.5.15"
source = "registry+https://github.com/rust-lang/crates.io-index"
checksum = "27bc9d5b815bc103f142aa054f561d9187d191692ec7c2d1e2b4737f8dbd7296"
dependencies = [
 "zune-core",
]
